
Microsoft Visual Studio Solution File, Format Version 12.00
# Visual Studio Version 16
VisualStudioVersion = 16.0.30611.23
MinimumVisualStudioVersion = 10.0.40219.1
Project("{FAE04EC0-301F-11D3-BF4B-00C04F79EFBC}") = "BusApp", "BusApp.csproj", "{592B9978-9252-4031-A8C1-AB3F3A4C0C0E}"
EndProject
Global
	GlobalSection(SolutionConfigurationPlatforms) = preSolution
		Debug|Any CPU = Debug|Any CPU
		Release|Any CPU = Release|Any CPU
	EndGlobalSection
	GlobalSection(ProjectConfigurationPlatforms) = postSolution
		{592B9978-9252-4031-A8C1-AB3F3A4C0C0E}.Debug|Any CPU.ActiveCfg = Debug|Any CPU
		{592B9978-9252-4031-A8C1-AB3F3A4C0C0E}.Debug|Any CPU.Build.0 = Debug|Any CPU
		{592B9978-9252-4031-A8C1-AB3F3A4C0C0E}.Release|Any CPU.ActiveCfg = Release|Any CPU
		{592B9978-9252-4031-A8C1-AB3F3A4C0C0E}.Release|Any CPU.Build.0 = Release|Any CPU
	EndGlobalSection
	GlobalSection(SolutionProperties) = preSolution
		HideSolutionNode = FALSE
	EndGlobalSection
	GlobalSection(ExtensibilityGlobals) = postSolution
		SolutionGuid = {C54FF715-12A8-4ACF-9572-BD0527F40DAA}
	EndGlobalSection
EndGlobal
